
Microsoft Visual Studio Solution File, Format Version 12.00
# Visual Studio 2012
Project("{FAE04EC0-301F-11D3-BF4B-00C04F79EFBC}") = "Tatooine.Domain", "IN2.Domain\Tatooine.Domain.csproj", "{821B26C5-3295-4BB5-B7EA-C1B7CDDB0065}"
EndProject
Project("{FAE04EC0-301F-11D3-BF4B-00C04F79EFBC}") = "Tatooine.UnitTests", "IN2.UnitTests\Tatooine.UnitTests.csproj", "{3118880A-8ED4-4309-93D6-C4043796C24A}"
EndProject
Project("{FAE04EC0-301F-11D3-BF4B-00C04F79EFBC}") = "Tatooine.WebUI", "Tatooine.WebUI\Tatooine.WebUI.csproj", "{D9C2FBCA-FCC5-4435-80D1-DDFBA46D2E5F}"
EndProject
Project("{FAE04EC0-301F-11D3-BF4B-00C04F79EFBC}") = "Tatooine.Service", "Tatooine.Service\Tatooine.Service.csproj", "{596BBE6D-BD97-44F8-A426-B62A75DA63CE}"
EndProject
Global
	GlobalSection(SolutionConfigurationPlatforms) = preSolution
		Debug|Any CPU = Debug|Any CPU
		Release|Any CPU = Release|Any CPU
	EndGlobalSection
	GlobalSection(ProjectConfigurationPlatforms) = postSolution
		{821B26C5-3295-4BB5-B7EA-C1B7CDDB0065}.Debug|Any CPU.ActiveCfg = Debug|Any CPU
		{821B26C5-3295-4BB5-B7EA-C1B7CDDB0065}.Debug|Any CPU.Build.0 = Debug|Any CPU
		{821B26C5-3295-4BB5-B7EA-C1B7CDDB0065}.Release|Any CPU.ActiveCfg = Release|Any CPU
		{821B26C5-3295-4BB5-B7EA-C1B7CDDB0065}.Release|Any CPU.Build.0 = Release|Any CPU
		{3118880A-8ED4-4309-93D6-C4043796C24A}.Debug|Any CPU.ActiveCfg = Debug|Any CPU
		{3118880A-8ED4-4309-93D6-C4043796C24A}.Debug|Any CPU.Build.0 = Debug|Any CPU
		{3118880A-8ED4-4309-93D6-C4043796C24A}.Release|Any CPU.ActiveCfg = Release|Any CPU
		{3118880A-8ED4-4309-93D6-C4043796C24A}.Release|Any CPU.Build.0 = Release|Any CPU
		{D9C2FBCA-FCC5-4435-80D1-DDFBA46D2E5F}.Debug|Any CPU.ActiveCfg = Debug|Any CPU
		{D9C2FBCA-FCC5-4435-80D1-DDFBA46D2E5F}.Debug|Any CPU.Build.0 = Debug|Any CPU
		{D9C2FBCA-FCC5-4435-80D1-DDFBA46D2E5F}.Release|Any CPU.ActiveCfg = Release|Any CPU
		{D9C2FBCA-FCC5-4435-80D1-DDFBA46D2E5F}.Release|Any CPU.Build.0 = Release|Any CPU
		{596BBE6D-BD97-44F8-A426-B62A75DA63CE}.Debug|Any CPU.ActiveCfg = Debug|Any CPU
		{596BBE6D-BD97-44F8-A426-B62A75DA63CE}.Debug|Any CPU.Build.0 = Debug|Any CPU
		{596BBE6D-BD97-44F8-A426-B62A75DA63CE}.Release|Any CPU.ActiveCfg = Release|Any CPU
		{596BBE6D-BD97-44F8-A426-B62A75DA63CE}.Release|Any CPU.Build.0 = Release|Any CPU
	EndGlobalSection
	GlobalSection(SolutionProperties) = preSolution
		HideSolutionNode = FALSE
	EndGlobalSection
EndGlobal
